Microsoft Visual Studio Solution File, Format Version 12.00
# Visual Studio Version 17
VisualStudioVersion = 17.0.31314.256
MinimumVisualStudioVersion = 10.0.40219.1
Project("{2150E333-8FDC-42A3-9474-1A3956D46DE8}") = "Engine", "Engine", "{233774A8-CC9D-3FA9-86D1-90573E92B704}"
EndProject
Project("{8BC9CEB8-8B4A-11D0-8D11-00A0C91BC942}") = "UE5", "Intermediate\ProjectFiles\UE5.vcxproj", "{4CBA1255-BC79-3BA3-B5C6-31DC4287DA28}"
EndProject
Project("{2150E333-8FDC-42A3-9474-1A3956D46DE8}") = "Games", "Games", "{DE1F8B53-6C02-3C13-9101-A7C8D96F3FF6}"
EndProject
Project("{8BC9CEB8-8B4A-11D0-8D11-00A0C91BC942}") = "LifeSim", "Intermediate\ProjectFiles\LifeSim.vcxproj", "{EAA078FA-E784-3421-82AD-4421E2074E30}"
EndProject
Project("{2150E333-8FDC-42A3-9474-1A3956D46DE8}") = "Visualizers", "Visualizers", "{1CCEC849-CC72-4C59-8C36-2F7C38706D4C}"
	ProjectSection(SolutionItems) = preProject
		..\UnrealEngine\Engine\Extras\VisualStudioDebugging\Unreal.natvis = ..\UnrealEngine\Engine\Extras\VisualStudioDebugging\Unreal.natvis
		..\UnrealEngine\Engine\Extras\VisualStudioDebugging\Unreal.natstepfilter = ..\UnrealEngine\Engine\Extras\VisualStudioDebugging\Unreal.natstepfilter
		..\UnrealEngine\Engine\Extras\VisualStudioDebugging\Unreal.natjmc = ..\UnrealEngine\Engine\Extras\VisualStudioDebugging\Unreal.natjmc
	EndProjectSection
EndProject
Global
	GlobalSection(SolutionConfigurationPlatforms) = preSolution
		Debug Client|Win64 = Debug Client|Win64
		Debug Client|Win64-arm64 = Debug Client|Win64-arm64
		Debug Client|Win64-arm64ec = Debug Client|Win64-arm64ec
		Debug Editor|Win64 = Debug Editor|Win64
		Debug Editor|Win64-arm64 = Debug Editor|Win64-arm64
		Debug Editor|Win64-arm64ec = Debug Editor|Win64-arm64ec
		Debug Server|Win64 = Debug Server|Win64
		Debug Server|Win64-arm64 = Debug Server|Win64-arm64
		Debug Server|Win64-arm64ec = Debug Server|Win64-arm64ec
		DebugGame Client|Win64 = DebugGame Client|Win64
		DebugGame Client|Win64-arm64 = DebugGame Client|Win64-arm64
		DebugGame Client|Win64-arm64ec = DebugGame Client|Win64-arm64ec
		DebugGame Editor|Win64 = DebugGame Editor|Win64
		DebugGame Editor|Win64-arm64 = DebugGame Editor|Win64-arm64
		DebugGame Editor|Win64-arm64ec = DebugGame Editor|Win64-arm64ec
		DebugGame Server|Win64 = DebugGame Server|Win64
		DebugGame Server|Win64-arm64 = DebugGame Server|Win64-arm64
		DebugGame Server|Win64-arm64ec = DebugGame Server|Win64-arm64ec
		DebugGame|Win64 = DebugGame|Win64
		DebugGame|Win64-arm64 = DebugGame|Win64-arm64
		DebugGame|Win64-arm64ec = DebugGame|Win64-arm64ec
		Debug|Win64 = Debug|Win64
		Debug|Win64-arm64 = Debug|Win64-arm64
		Debug|Win64-arm64ec = Debug|Win64-arm64ec
		Development Client|Win64 = Development Client|Win64
		Development Client|Win64-arm64 = Development Client|Win64-arm64
		Development Client|Win64-arm64ec = Development Client|Win64-arm64ec
		Development Editor|Win64 = Development Editor|Win64
		Development Editor|Win64-arm64 = Development Editor|Win64-arm64
		Development Editor|Win64-arm64ec = Development Editor|Win64-arm64ec
		Development Server|Win64 = Development Server|Win64
		Development Server|Win64-arm64 = Development Server|Win64-arm64
		Development Server|Win64-arm64ec = Development Server|Win64-arm64ec
		Development|Win64 = Development|Win64
		Development|Win64-arm64 = Development|Win64-arm64
		Development|Win64-arm64ec = Development|Win64-arm64ec
		Shipping Client|Win64 = Shipping Client|Win64
		Shipping Client|Win64-arm64 = Shipping Client|Win64-arm64
		Shipping Client|Win64-arm64ec = Shipping Client|Win64-arm64ec
		Shipping Server|Win64 = Shipping Server|Win64
		Shipping Server|Win64-arm64 = Shipping Server|Win64-arm64
		Shipping Server|Win64-arm64ec = Shipping Server|Win64-arm64ec
		Shipping|Win64 = Shipping|Win64
		Shipping|Win64-arm64 = Shipping|Win64-arm64
		Shipping|Win64-arm64ec = Shipping|Win64-arm64ec
		Test Client|Win64 = Test Client|Win64
		Test Client|Win64-arm64 = Test Client|Win64-arm64
		Test Client|Win64-arm64ec = Test Client|Win64-arm64ec
		Test Server|Win64 = Test Server|Win64
		Test Server|Win64-arm64 = Test Server|Win64-arm64
		Test Server|Win64-arm64ec = Test Server|Win64-arm64ec
		Test|Win64 = Test|Win64
		Test|Win64-arm64 = Test|Win64-arm64
		Test|Win64-arm64ec = Test|Win64-arm64ec
	EndGlobalSection
	GlobalSection(ProjectConfigurationPlatforms) = postSolution
		{4CBA1255-BC79-3BA3-B5C6-31DC4287DA28}.Debug Client|Win64.ActiveCfg = Debug_Client|x64
		{4CBA1255-BC79-3BA3-B5C6-31DC4287DA28}.Debug Client|Win64.Build.0 = Debug_Client|x64
		{4CBA1255-BC79-3BA3-B5C6-31DC4287DA28}.Debug Client|Win64-arm64.ActiveCfg = Debug_Client|arm64
		{4CBA1255-BC79-3BA3-B5C6-31DC4287DA28}.Debug Client|Win64-arm64.Build.0 = Debug_Client|arm64
		{4CBA1255-BC79-3BA3-B5C6-31DC4287DA28}.Debug Client|Win64-arm64ec.ActiveCfg = Debug_Client|arm64ec
		{4CBA1255-BC79-3BA3-B5C6-31DC4287DA28}.Debug Client|Win64-arm64ec.Build.0 = Debug_Client|arm64ec
		{4CBA1255-BC79-3BA3-B5C6-31DC4287DA28}.Debug Editor|Win64.ActiveCfg = Debug_Editor|x64
		{4CBA1255-BC79-3BA3-B5C6-31DC4287DA28}.Debug Editor|Win64.Build.0 = Debug_Editor|x64
		{4CBA1255-BC79-3BA3-B5C6-31DC4287DA28}.Debug Editor|Win64-arm64.ActiveCfg = Debug_Editor|arm64
		{4CBA1255-BC79-3BA3-B5C6-31DC4287DA28}.Debug Editor|Win64-arm64.Build.0 = Debug_Editor|arm64
		{4CBA1255-BC79-3BA3-B5C6-31DC4287DA28}.Debug Editor|Win64-arm64ec.ActiveCfg = Debug_Editor|arm64ec
		{4CBA1255-BC79-3BA3-B5C6-31DC4287DA28}.Debug Editor|Win64-arm64ec.Build.0 = Debug_Editor|arm64ec
		{4CBA1255-BC79-3BA3-B5C6-31DC4287DA28}.Debug Server|Win64.ActiveCfg = Debug_Server|x64
		{4CBA1255-BC79-3BA3-B5C6-31DC4287DA28}.Debug Server|Win64.Build.0 = Debug_Server|x64
		{4CBA1255-BC79-3BA3-B5C6-31DC4287DA28}.Debug Server|Win64-arm64.ActiveCfg = Debug_Server|arm64
		{4CBA1255-BC79-3BA3-B5C6-31DC4287DA28}.Debug Server|Win64-arm64.Build.0 = Debug_Server|arm64
		{4CBA1255-BC79-3BA3-B5C6-31DC4287DA28}.Debug Server|Win64-arm64ec.ActiveCfg = Debug_Server|arm64ec
		{4CBA1255-BC79-3BA3-B5C6-31DC4287DA28}.Debug Server|Win64-arm64ec.Build.0 = Debug_Server|arm64ec
		{4CBA1255-BC79-3BA3-B5C6-31DC4287DA28}.DebugGame Client|Win64.ActiveCfg = DebugGame_Client|x64
		{4CBA1255-BC79-3BA3-B5C6-31DC4287DA28}.DebugGame Client|Win64.Build.0 = DebugGame_Client|x64
		{4CBA1255-BC79-3BA3-B5C6-31DC4287DA28}.DebugGame Client|Win64-arm64.ActiveCfg = DebugGame_Client|arm64
		{4CBA1255-BC79-3BA3-B5C6-31DC4287DA28}.DebugGame Client|Win64-arm64.Build.0 = DebugGame_Client|arm64
		{4CBA1255-BC79-3BA3-B5C6-31DC4287DA28}.DebugGame Client|Win64-arm64ec.ActiveCfg = DebugGame_Client|arm64ec
		{4CBA1255-BC79-3BA3-B5C6-31DC4287DA28}.DebugGame Client|Win64-arm64ec.Build.0 = DebugGame_Client|arm64ec
		{4CBA1255-BC79-3BA3-B5C6-31DC4287DA28}.DebugGame Editor|Win64.ActiveCfg = DebugGame_Editor|x64
		{4CBA1255-BC79-3BA3-B5C6-31DC4287DA28}.DebugGame Editor|Win64.Build.0 = DebugGame_Editor|x64
		{4CBA1255-BC79-3BA3-B5C6-31DC4287DA28}.DebugGame Editor|Win64-arm64.ActiveCfg = DebugGame_Editor|arm64
		{4CBA1255-BC79-3BA3-B5C6-31DC4287DA28}.DebugGame Editor|Win64-arm64.Build.0 = DebugGame_Editor|arm64
		{4CBA1255-BC79-3BA3-B5C6-31DC4287DA28}.DebugGame Editor|Win64-arm64ec.ActiveCfg = DebugGame_Editor|arm64ec
		{4CBA1255-BC79-3BA3-B5C6-31DC4287DA28}.DebugGame Editor|Win64-arm64ec.Build.0 = DebugGame_Editor|arm64ec
		{4CBA1255-BC79-3BA3-B5C6-31DC4287DA28}.DebugGame Server|Win64.ActiveCfg = DebugGame_Server|x64
		{4CBA1255-BC79-3BA3-B5C6-31DC4287DA28}.DebugGame Server|Win64.Build.0 = DebugGame_Server|x64
		{4CBA1255-BC79-3BA3-B5C6-31DC4287DA28}.DebugGame Server|Win64-arm64.ActiveCfg = DebugGame_Server|arm64
		{4CBA1255-BC79-3BA3-B5C6-31DC4287DA28}.DebugGame Server|Win64-arm64.Build.0 = DebugGame_Server|arm64
		{4CBA1255-BC79-3BA3-B5C6-31DC4287DA28}.DebugGame Server|Win64-arm64ec.ActiveCfg = DebugGame_Server|arm64ec
		{4CBA1255-BC79-3BA3-B5C6-31DC4287DA28}.DebugGame Server|Win64-arm64ec.Build.0 = DebugGame_Server|arm64ec
		{4CBA1255-BC79-3BA3-B5C6-31DC4287DA28}.DebugGame|Win64.ActiveCfg = DebugGame|x64
		{4CBA1255-BC79-3BA3-B5C6-31DC4287DA28}.DebugGame|Win64.Build.0 = DebugGame|x64
		{4CBA1255-BC79-3BA3-B5C6-31DC4287DA28}.DebugGame|Win64-arm64.ActiveCfg = DebugGame|arm64
		{4CBA1255-BC79-3BA3-B5C6-31DC4287DA28}.DebugGame|Win64-arm64.Build.0 = DebugGame|arm64
		{4CBA1255-BC79-3BA3-B5C6-31DC4287DA28}.DebugGame|Win64-arm64ec.ActiveCfg = DebugGame|arm64ec
		{4CBA1255-BC79-3BA3-B5C6-31DC4287DA28}.DebugGame|Win64-arm64ec.Build.0 = DebugGame|arm64ec
		{4CBA1255-BC79-3BA3-B5C6-31DC4287DA28}.Debug|Win64.ActiveCfg = Debug|x64
		{4CBA1255-BC79-3BA3-B5C6-31DC4287DA28}.Debug|Win64.Build.0 = Debug|x64
		{4CBA1255-BC79-3BA3-B5C6-31DC4287DA28}.Debug|Win64-arm64.ActiveCfg = Debug|arm64
		{4CBA1255-BC79-3BA3-B5C6-31DC4287DA28}.Debug|Win64-arm64.Build.0 = Debug|arm64
		{4CBA1255-BC79-3BA3-B5C6-31DC4287DA28}.Debug|Win64-arm64ec.ActiveCfg = Debug|arm64ec
		{4CBA1255-BC79-3BA3-B5C6-31DC4287DA28}.Debug|Win64-arm64ec.Build.0 = Debug|arm64ec
		{4CBA1255-BC79-3BA3-B5C6-31DC4287DA28}.Development Client|Win64.ActiveCfg = Development_Client|x64
		{4CBA1255-BC79-3BA3-B5C6-31DC4287DA28}.Development Client|Win64.Build.0 = Development_Client|x64
		{4CBA1255-BC79-3BA3-B5C6-31DC4287DA28}.Development Client|Win64-arm64.ActiveCfg = Development_Client|arm64
		{4CBA1255-BC79-3BA3-B5C6-31DC4287DA28}.Development Client|Win64-arm64.Build.0 = Development_Client|arm64
		{4CBA1255-BC79-3BA3-B5C6-31DC4287DA28}.Development Client|Win64-arm64ec.ActiveCfg = Development_Client|arm64ec
		{4CBA1255-BC79-3BA3-B5C6-31DC4287DA28}.Development Client|Win64-arm64ec.Build.0 = Development_Client|arm64ec
		{4CBA1255-BC79-3BA3-B5C6-31DC4287DA28}.Development Editor|Win64.ActiveCfg = Development_Editor|x64
		{4CBA1255-BC79-3BA3-B5C6-31DC4287DA28}.Development Editor|Win64.Build.0 = Development_Editor|x64
		{4CBA1255-BC79-3BA3-B5C6-31DC4287DA28}.Development Editor|Win64-arm64.ActiveCfg = Development_Editor|arm64
		{4CBA1255-BC79-3BA3-B5C6-31DC4287DA28}.Development Editor|Win64-arm64.Build.0 = Development_Editor|arm64
		{4CBA1255-BC79-3BA3-B5C6-31DC4287DA28}.Development Editor|Win64-arm64ec.ActiveCfg = Development_Editor|arm64ec
		{4CBA1255-BC79-3BA3-B5C6-31DC4287DA28}.Development Editor|Win64-arm64ec.Build.0 = Development_Editor|arm64ec
		{4CBA1255-BC79-3BA3-B5C6-31DC4287DA28}.Development Server|Win64.ActiveCfg = Development_Server|x64
		{4CBA1255-BC79-3BA3-B5C6-31DC4287DA28}.Development Server|Win64.Build.0 = Development_Server|x64
		{4CBA1255-BC79-3BA3-B5C6-31DC4287DA28}.Development Server|Win64-arm64.ActiveCfg = Development_Server|arm64
		{4CBA1255-BC79-3BA3-B5C6-31DC4287DA28}.Development Server|Win64-arm64.Build.0 = Development_Server|arm64
		{4CBA1255-BC79-3BA3-B5C6-31DC4287DA28}.Development Server|Win64-arm64ec.ActiveCfg = Development_Server|arm64ec
		{4CBA1255-BC79-3BA3-B5C6-31DC4287DA28}.Development Server|Win64-arm64ec.Build.0 = Development_Server|arm64ec
		{4CBA1255-BC79-3BA3-B5C6-31DC4287DA28}.Development|Win64.ActiveCfg = Development|x64
		{4CBA1255-BC79-3BA3-B5C6-31DC4287DA28}.Development|Win64.Build.0 = Development|x64
		{4CBA1255-BC79-3BA3-B5C6-31DC4287DA28}.Development|Win64-arm64.ActiveCfg = Development|arm64
		{4CBA1255-BC79-3BA3-B5C6-31DC4287DA28}.Development|Win64-arm64.Build.0 = Development|arm64
		{4CBA1255-BC79-3BA3-B5C6-31DC4287DA28}.Development|Win64-arm64ec.ActiveCfg = Development|arm64ec
		{4CBA1255-BC79-3BA3-B5C6-31DC4287DA28}.Development|Win64-arm64ec.Build.0 = Development|arm64ec
		{4CBA1255-BC79-3BA3-B5C6-31DC4287DA28}.Shipping Client|Win64.ActiveCfg = Shipping_Client|x64
		{4CBA1255-BC79-3BA3-B5C6-31DC4287DA28}.Shipping Client|Win64.Build.0 = Shipping_Client|x64
		{4CBA1255-BC79-3BA3-B5C6-31DC4287DA28}.Shipping Client|Win64-arm64.ActiveCfg = Shipping_Client|arm64
		{4CBA1255-BC79-3BA3-B5C6-31DC4287DA28}.Shipping Client|Win64-arm64.Build.0 = Shipping_Client|arm64
		{4CBA1255-BC79-3BA3-B5C6-31DC4287DA28}.Shipping Client|Win64-arm64ec.ActiveCfg = Shipping_Client|arm64ec
		{4CBA1255-BC79-3BA3-B5C6-31DC4287DA28}.Shipping Client|Win64-arm64ec.Build.0 = Shipping_Client|arm64ec
		{4CBA1255-BC79-3BA3-B5C6-31DC4287DA28}.Shipping Server|Win64.ActiveCfg = Shipping_Server|x64
		{4CBA1255-BC79-3BA3-B5C6-31DC4287DA28}.Shipping Server|Win64.Build.0 = Shipping_Server|x64
		{4CBA1255-BC79-3BA3-B5C6-31DC4287DA28}.Shipping Server|Win64-arm64.ActiveCfg = Shipping_Server|arm64
		{4CBA1255-BC79-3BA3-B5C6-31DC4287DA28}.Shipping Server|Win64-arm64.Build.0 = Shipping_Server|arm64
		{4CBA1255-BC79-3BA3-B5C6-31DC4287DA28}.Shipping Server|Win64-arm64ec.ActiveCfg = Shipping_Server|arm64ec
		{4CBA1255-BC79-3BA3-B5C6-31DC4287DA28}.Shipping Server|Win64-arm64ec.Build.0 = Shipping_Server|arm64ec
		{4CBA1255-BC79-3BA3-B5C6-31DC4287DA28}.Shipping|Win64.ActiveCfg = Shipping|x64
		{4CBA1255-BC79-3BA3-B5C6-31DC4287DA28}.Shipping|Win64.Build.0 = Shipping|x64
		{4CBA1255-BC79-3BA3-B5C6-31DC4287DA28}.Shipping|Win64-arm64.ActiveCfg = Shipping|arm64
		{4CBA1255-BC79-3BA3-B5C6-31DC4287DA28}.Shipping|Win64-arm64.Build.0 = Shipping|arm64
		{4CBA1255-BC79-3BA3-B5C6-31DC4287DA28}.Shipping|Win64-arm64ec.ActiveCfg = Shipping|arm64ec
		{4CBA1255-BC79-3BA3-B5C6-31DC4287DA28}.Shipping|Win64-arm64ec.Build.0 = Shipping|arm64ec
		{4CBA1255-BC79-3BA3-B5C6-31DC4287DA28}.Test Client|Win64.ActiveCfg = Test_Client|x64
		{4CBA1255-BC79-3BA3-B5C6-31DC4287DA28}.Test Client|Win64.Build.0 = Test_Client|x64
		{4CBA1255-BC79-3BA3-B5C6-31DC4287DA28}.Test Client|Win64-arm64.ActiveCfg = Test_Client|arm64
		{4CBA1255-BC79-3BA3-B5C6-31DC4287DA28}.Test Client|Win64-arm64.Build.0 = Test_Client|arm64
		{4CBA1255-BC79-3BA3-B5C6-31DC4287DA28}.Test Client|Win64-arm64ec.ActiveCfg = Test_Client|arm64ec
		{4CBA1255-BC79-3BA3-B5C6-31DC4287DA28}.Test Client|Win64-arm64ec.Build.0 = Test_Client|arm64ec
		{4CBA1255-BC79-3BA3-B5C6-31DC4287DA28}.Test Server|Win64.ActiveCfg = Test_Server|x64
		{4CBA1255-BC79-3BA3-B5C6-31DC4287DA28}.Test Server|Win64.Build.0 = Test_Server|x64
		{4CBA1255-BC79-3BA3-B5C6-31DC4287DA28}.Test Server|Win64-arm64.ActiveCfg = Test_Server|arm64
		{4CBA1255-BC79-3BA3-B5C6-31DC4287DA28}.Test Server|Win64-arm64.Build.0 = Test_Server|arm64
		{4CBA1255-BC79-3BA3-B5C6-31DC4287DA28}.Test Server|Win64-arm64ec.ActiveCfg = Test_Server|arm64ec
		{4CBA1255-BC79-3BA3-B5C6-31DC4287DA28}.Test Server|Win64-arm64ec.Build.0 = Test_Server|arm64ec
		{4CBA1255-BC79-3BA3-B5C6-31DC4287DA28}.Test|Win64.ActiveCfg = Test|x64
		{4CBA1255-BC79-3BA3-B5C6-31DC4287DA28}.Test|Win64.Build.0 = Test|x64
		{4CBA1255-BC79-3BA3-B5C6-31DC4287DA28}.Test|Win64-arm64.ActiveCfg = Test|arm64
		{4CBA1255-BC79-3BA3-B5C6-31DC4287DA28}.Test|Win64-arm64.Build.0 = Test|arm64
		{4CBA1255-BC79-3BA3-B5C6-31DC4287DA28}.Test|Win64-arm64ec.ActiveCfg = Test|arm64ec
		{4CBA1255-BC79-3BA3-B5C6-31DC4287DA28}.Test|Win64-arm64ec.Build.0 = Test|arm64ec
		{EAA078FA-E784-3421-82AD-4421E2074E30}.Debug Client|Win64.ActiveCfg = Invalid|x64
		{EAA078FA-E784-3421-82AD-4421E2074E30}.Debug Client|Win64-arm64.ActiveCfg = Invalid|x64
		{EAA078FA-E784-3421-82AD-4421E2074E30}.Debug Client|Win64-arm64ec.ActiveCfg = Invalid|x64
		{EAA078FA-E784-3421-82AD-4421E2074E30}.Debug Editor|Win64.ActiveCfg = Debug_Editor|x64
		{EAA078FA-E784-3421-82AD-4421E2074E30}.Debug Editor|Win64.Build.0 = Debug_Editor|x64
		{EAA078FA-E784-3421-82AD-4421E2074E30}.Debug Editor|Win64-arm64.ActiveCfg = Debug_Editor|arm64
		{EAA078FA-E784-3421-82AD-4421E2074E30}.Debug Editor|Win64-arm64.Build.0 = Debug_Editor|arm64
		{EAA078FA-E784-3421-82AD-4421E2074E30}.Debug Editor|Win64-arm64ec.ActiveCfg = Debug_Editor|arm64ec
		{EAA078FA-E784-3421-82AD-4421E2074E30}.Debug Editor|Win64-arm64ec.Build.0 = Debug_Editor|arm64ec
		{EAA078FA-E784-3421-82AD-4421E2074E30}.Debug Server|Win64.ActiveCfg = Invalid|x64
		{EAA078FA-E784-3421-82AD-4421E2074E30}.Debug Server|Win64-arm64.ActiveCfg = Invalid|x64
		{EAA078FA-E784-3421-82AD-4421E2074E30}.Debug Server|Win64-arm64ec.ActiveCfg = Invalid|x64
		{EAA078FA-E784-3421-82AD-4421E2074E30}.DebugGame Client|Win64.ActiveCfg = Invalid|x64
		{EAA078FA-E784-3421-82AD-4421E2074E30}.DebugGame Client|Win64-arm64.ActiveCfg = Invalid|x64
		{EAA078FA-E784-3421-82AD-4421E2074E30}.DebugGame Client|Win64-arm64ec.ActiveCfg = Invalid|x64
		{EAA078FA-E784-3421-82AD-4421E2074E30}.DebugGame Editor|Win64.ActiveCfg = DebugGame_Editor|x64
		{EAA078FA-E784-3421-82AD-4421E2074E30}.DebugGame Editor|Win64.Build.0 = DebugGame_Editor|x64
		{EAA078FA-E784-3421-82AD-4421E2074E30}.DebugGame Editor|Win64-arm64.ActiveCfg = DebugGame_Editor|arm64
		{EAA078FA-E784-3421-82AD-4421E2074E30}.DebugGame Editor|Win64-arm64.Build.0 = DebugGame_Editor|arm64
		{EAA078FA-E784-3421-82AD-4421E2074E30}.DebugGame Editor|Win64-arm64ec.ActiveCfg = DebugGame_Editor|arm64ec
		{EAA078FA-E784-3421-82AD-4421E2074E30}.DebugGame Editor|Win64-arm64ec.Build.0 = DebugGame_Editor|arm64ec
		{EAA078FA-E784-3421-82AD-4421E2074E30}.DebugGame Server|Win64.ActiveCfg = Invalid|x64
		{EAA078FA-E784-3421-82AD-4421E2074E30}.DebugGame Server|Win64-arm64.ActiveCfg = Invalid|x64
		{EAA078FA-E784-3421-82AD-4421E2074E30}.DebugGame Server|Win64-arm64ec.ActiveCfg = Invalid|x64
		{EAA078FA-E784-3421-82AD-4421E2074E30}.DebugGame|Win64.ActiveCfg = DebugGame|x64
		{EAA078FA-E784-3421-82AD-4421E2074E30}.DebugGame|Win64.Build.0 = DebugGame|x64
		{EAA078FA-E784-3421-82AD-4421E2074E30}.DebugGame|Win64-arm64.ActiveCfg = DebugGame|arm64
		{EAA078FA-E784-3421-82AD-4421E2074E30}.DebugGame|Win64-arm64.Build.0 = DebugGame|arm64
		{EAA078FA-E784-3421-82AD-4421E2074E30}.DebugGame|Win64-arm64ec.ActiveCfg = DebugGame|arm64ec
		{EAA078FA-E784-3421-82AD-4421E2074E30}.DebugGame|Win64-arm64ec.Build.0 = DebugGame|arm64ec
		{EAA078FA-E784-3421-82AD-4421E2074E30}.Debug|Win64.ActiveCfg = Debug|x64
		{EAA078FA-E784-3421-82AD-4421E2074E30}.Debug|Win64.Build.0 = Debug|x64
		{EAA078FA-E784-3421-82AD-4421E2074E30}.Debug|Win64-arm64.ActiveCfg = Debug|arm64
		{EAA078FA-E784-3421-82AD-4421E2074E30}.Debug|Win64-arm64.Build.0 = Debug|arm64
		{EAA078FA-E784-3421-82AD-4421E2074E30}.Debug|Win64-arm64ec.ActiveCfg = Debug|arm64ec
		{EAA078FA-E784-3421-82AD-4421E2074E30}.Debug|Win64-arm64ec.Build.0 = Debug|arm64ec
		{EAA078FA-E784-3421-82AD-4421E2074E30}.Development Client|Win64.ActiveCfg = Invalid|x64
		{EAA078FA-E784-3421-82AD-4421E2074E30}.Development Client|Win64-arm64.ActiveCfg = Invalid|x64
		{EAA078FA-E784-3421-82AD-4421E2074E30}.Development Client|Win64-arm64ec.ActiveCfg = Invalid|x64
		{EAA078FA-E784-3421-82AD-4421E2074E30}.Development Editor|Win64.ActiveCfg = Development_Editor|x64
		{EAA078FA-E784-3421-82AD-4421E2074E30}.Development Editor|Win64.Build.0 = Development_Editor|x64
		{EAA078FA-E784-3421-82AD-4421E2074E30}.Development Editor|Win64-arm64.ActiveCfg = Development_Editor|arm64
		{EAA078FA-E784-3421-82AD-4421E2074E30}.Development Editor|Win64-arm64.Build.0 = Development_Editor|arm64
		{EAA078FA-E784-3421-82AD-4421E2074E30}.Development Editor|Win64-arm64ec.ActiveCfg = Development_Editor|arm64ec
		{EAA078FA-E784-3421-82AD-4421E2074E30}.Development Editor|Win64-arm64ec.Build.0 = Development_Editor|arm64ec
		{EAA078FA-E784-3421-82AD-4421E2074E30}.Development Server|Win64.ActiveCfg = Invalid|x64
		{EAA078FA-E784-3421-82AD-4421E2074E30}.Development Server|Win64-arm64.ActiveCfg = Invalid|x64
		{EAA078FA-E784-3421-82AD-4421E2074E30}.Development Server|Win64-arm64ec.ActiveCfg = Invalid|x64
		{EAA078FA-E784-3421-82AD-4421E2074E30}.Development|Win64.ActiveCfg = Development|x64
		{EAA078FA-E784-3421-82AD-4421E2074E30}.Development|Win64.Build.0 = Development|x64
		{EAA078FA-E784-3421-82AD-4421E2074E30}.Development|Win64-arm64.ActiveCfg = Development|arm64
		{EAA078FA-E784-3421-82AD-4421E2074E30}.Development|Win64-arm64.Build.0 = Development|arm64
		{EAA078FA-E784-3421-82AD-4421E2074E30}.Development|Win64-arm64ec.ActiveCfg = Development|arm64ec
		{EAA078FA-E784-3421-82AD-4421E2074E30}.Development|Win64-arm64ec.Build.0 = Development|arm64ec
		{EAA078FA-E784-3421-82AD-4421E2074E30}.Shipping Client|Win64.ActiveCfg = Invalid|x64
		{EAA078FA-E784-3421-82AD-4421E2074E30}.Shipping Client|Win64-arm64.ActiveCfg = Invalid|x64
		{EAA078FA-E784-3421-82AD-4421E2074E30}.Shipping Client|Win64-arm64ec.ActiveCfg = Invalid|x64
		{EAA078FA-E784-3421-82AD-4421E2074E30}.Shipping Server|Win64.ActiveCfg = Invalid|x64
		{EAA078FA-E784-3421-82AD-4421E2074E30}.Shipping Server|Win64-arm64.ActiveCfg = Invalid|x64
		{EAA078FA-E784-3421-82AD-4421E2074E30}.Shipping Server|Win64-arm64ec.ActiveCfg = Invalid|x64
		{EAA078FA-E784-3421-82AD-4421E2074E30}.Shipping|Win64.ActiveCfg = Shipping|x64
		{EAA078FA-E784-3421-82AD-4421E2074E30}.Shipping|Win64.Build.0 = Shipping|x64
		{EAA078FA-E784-3421-82AD-4421E2074E30}.Shipping|Win64-arm64.ActiveCfg = Shipping|arm64
		{EAA078FA-E784-3421-82AD-4421E2074E30}.Shipping|Win64-arm64.Build.0 = Shipping|arm64
		{EAA078FA-E784-3421-82AD-4421E2074E30}.Shipping|Win64-arm64ec.ActiveCfg = Shipping|arm64ec
		{EAA078FA-E784-3421-82AD-4421E2074E30}.Shipping|Win64-arm64ec.Build.0 = Shipping|arm64ec
		{EAA078FA-E784-3421-82AD-4421E2074E30}.Test Client|Win64.ActiveCfg = Invalid|x64
		{EAA078FA-E784-3421-82AD-4421E2074E30}.Test Client|Win64-arm64.ActiveCfg = Invalid|x64
		{EAA078FA-E784-3421-82AD-4421E2074E30}.Test Client|Win64-arm64ec.ActiveCfg = Invalid|x64
		{EAA078FA-E784-3421-82AD-4421E2074E30}.Test Server|Win64.ActiveCfg = Invalid|x64
		{EAA078FA-E784-3421-82AD-4421E2074E30}.Test Server|Win64-arm64.ActiveCfg = Invalid|x64
		{EAA078FA-E784-3421-82AD-4421E2074E30}.Test Server|Win64-arm64ec.ActiveCfg = Invalid|x64
		{EAA078FA-E784-3421-82AD-4421E2074E30}.Test|Win64.ActiveCfg = Test|x64
		{EAA078FA-E784-3421-82AD-4421E2074E30}.Test|Win64.Build.0 = Test|x64
		{EAA078FA-E784-3421-82AD-4421E2074E30}.Test|Win64-arm64.ActiveCfg = Test|arm64
		{EAA078FA-E784-3421-82AD-4421E2074E30}.Test|Win64-arm64.Build.0 = Test|arm64
		{EAA078FA-E784-3421-82AD-4421E2074E30}.Test|Win64-arm64ec.ActiveCfg = Test|arm64ec
		{EAA078FA-E784-3421-82AD-4421E2074E30}.Test|Win64-arm64ec.Build.0 = Test|arm64ec
	EndGlobalSection
	GlobalSection(SolutionProperties) = preSolution
		HideSolutionNode = FALSE
	EndGlobalSection
	GlobalSection(NestedProjects) = preSolution
		{4CBA1255-BC79-3BA3-B5C6-31DC4287DA28} = {233774A8-CC9D-3FA9-86D1-90573E92B704}
		{EAA078FA-E784-3421-82AD-4421E2074E30} = {DE1F8B53-6C02-3C13-9101-A7C8D96F3FF6}
	EndGlobalSection
	GlobalSection(ddbf523f-7eb6-4887-bd51-85a714ff87eb) = preSolution
		AvailablePlatforms = Win64
	EndGlobalSection
EndGlobal
